<Solution>
  <Folder Name="/Solution Items/">
    <File Path="global.json"/>
    <File Path="LICENSE"/>
    <File Path="NuGet.config"/>
    <File Path="README.md"/>
  </Folder>
  <Folder Name="/src/">
    <Project Path="src/HandyS11.Templates.csproj"/>
  </Folder>
  <Folder Name="/tests/">
    <Project Path="tests/HandyS11.Templates.Tests.csproj"/>
  </Folder>
</Solution>
